
Microsoft Visual Studio Solution File, Format Version 12.00
# Visual Studio Version 16
VisualStudioVersion = 16.0.29709.97
MinimumVisualStudioVersion = 10.0.40219.1
Project("{FAE04EC0-301F-11D3-BF4B-00C04F79EFBC}") = "ChuyenDeTotNghiepFull", "ChuyenDeTotNghiepFull.csproj", "{551C851D-6A70-4267-BECC-891204DCC8F4}"
EndProject
Global
	GlobalSection(SolutionConfigurationPlatforms) = preSolution
		Debug|Any CPU = Debug|Any CPU
		Release|Any CPU = Release|Any CPU
	EndGlobalSection
	GlobalSection(ProjectConfigurationPlatforms) = postSolution
		{551C851D-6A70-4267-BECC-891204DCC8F4}.Debug|Any CPU.ActiveCfg = Debug|Any CPU
		{551C851D-6A70-4267-BECC-891204DCC8F4}.Debug|Any CPU.Build.0 = Debug|Any CPU
		{551C851D-6A70-4267-BECC-891204DCC8F4}.Release|Any CPU.ActiveCfg = Release|Any CPU
		{551C851D-6A70-4267-BECC-891204DCC8F4}.Release|Any CPU.Build.0 = Release|Any CPU
	EndGlobalSection
	GlobalSection(SolutionProperties) = preSolution
		HideSolutionNode = FALSE
	EndGlobalSection
	GlobalSection(ExtensibilityGlobals) = postSolution
		SolutionGuid = {1AC70F89-EAA7-4F5A-A934-6E7B229075D3}
	EndGlobalSection
EndGlobal
